
Microsoft Visual Studio Solution File, Format Version 12.00
# Visual Studio Version 16
VisualStudioVersion = 16.0.29613.14
MinimumVisualStudioVersion = 10.0.40219.1
Project("{FAE04EC0-301F-11D3-BF4B-00C04F79EFBC}") = "PassCheck", "PassCheck.csproj", "{DB0B6140-58B3-44A2-A441-22EA3BDBAD49}"
EndProject
Global
	GlobalSection(SolutionConfigurationPlatforms) = preSolution
		Debug|Any CPU = Debug|Any CPU
		Release|Any CPU = Release|Any CPU
	EndGlobalSection
	GlobalSection(ProjectConfigurationPlatforms) = postSolution
		{DB0B6140-58B3-44A2-A441-22EA3BDBAD49}.Debug|Any CPU.ActiveCfg = Debug|Any CPU
		{DB0B6140-58B3-44A2-A441-22EA3BDBAD49}.Debug|Any CPU.Build.0 = Debug|Any CPU
		{DB0B6140-58B3-44A2-A441-22EA3BDBAD49}.Release|Any CPU.ActiveCfg = Release|Any CPU
		{DB0B6140-58B3-44A2-A441-22EA3BDBAD49}.Release|Any CPU.Build.0 = Release|Any CPU
	EndGlobalSection
	GlobalSection(SolutionProperties) = preSolution
		HideSolutionNode = FALSE
	EndGlobalSection
	GlobalSection(ExtensibilityGlobals) = postSolution
		SolutionGuid = {C17F2615-107B-430F-95B5-1E87D01DCA08}
	EndGlobalSection
EndGlobal
